
Microsoft Visual Studio Solution File, Format Version 12.00
# Visual Studio 15
VisualStudioVersion = 15.0.27703.2042
MinimumVisualStudioVersion = 10.0.40219.1
Project("{FAE04EC0-301F-11D3-BF4B-00C04F79EFBC}") = "PrinterTestMVC", "PrinterTestMVC\PrinterTestMVC.csproj", "{EC4991F5-DB95-4229-8F5B-1B94FDF6D227}"
EndProject
Global
	GlobalSection(SolutionConfigurationPlatforms) = preSolution
		Debug|Any CPU = Debug|Any CPU
		Release|Any CPU = Release|Any CPU
	EndGlobalSection
	GlobalSection(ProjectConfigurationPlatforms) = postSolution
		{EC4991F5-DB95-4229-8F5B-1B94FDF6D227}.Debug|Any CPU.ActiveCfg = Debug|Any CPU
		{EC4991F5-DB95-4229-8F5B-1B94FDF6D227}.Debug|Any CPU.Build.0 = Debug|Any CPU
		{EC4991F5-DB95-4229-8F5B-1B94FDF6D227}.Release|Any CPU.ActiveCfg = Release|Any CPU
		{EC4991F5-DB95-4229-8F5B-1B94FDF6D227}.Release|Any CPU.Build.0 = Release|Any CPU
	EndGlobalSection
	GlobalSection(SolutionProperties) = preSolution
		HideSolutionNode = FALSE
	EndGlobalSection
	GlobalSection(ExtensibilityGlobals) = postSolution
		SolutionGuid = {8095DFD2-8914-4A65-92FD-3935970BABDC}
	EndGlobalSection
EndGlobal
